{
  "name": "platform-api",
  "version": "0.1.1",
  "lockfileVersion": 1,
  "requires": true,
  "dependencies": {
    "drafter": {
      "version": "2.0.0-pre.1",
      "resolved": "https://registry.npmjs.org/drafter/-/drafter-2.0.0-pre.1.tgz",
      "integrity": "sha512-6iiQwW7vZy5WDtWtg77JnPYyUn02DoaOyApLk1FkQWmuG9zRO44skWIfvRqe6CSoj7lI8s1h8HIvdz4XsEsZlA==",
      "dev": true,
      "requires": {
        "drafter.js": "^3.0.0-pre.2",
        "protagonist": "^2.0.0-pre.2"
      }
    },
    "drafter.js": {
      "version": "3.0.2",
      "resolved": "https://registry.npmjs.org/drafter.js/-/drafter.js-3.0.2.tgz",
      "integrity": "sha512-YVwGKaVGXUwOtvh+6GPBMWbi3mfF7Zee8xLv6UUUokfPqtxtsTup/RCpWEWXQIQB6nxJ3uqRhW4NTEjvrbF2HQ==",
      "dev": true
    },
    "nan": {
      "version": "2.14.0",
      "resolved": "https://registry.npmjs.org/nan/-/nan-2.14.0.tgz",
      "integrity": "sha512-INOFj37C7k3AfaNTtX8RhsTw7qRy7eLET14cROi9+5HAVbbHuIWUHEauBv5qT4Av2tWasiTY1Jw6puUNqRJXQg==",
      "dev": true,
      "optional": true
    },
    "protagonist": {
      "version": "2.0.2",
      "resolved": "https://registry.npmjs.org/protagonist/-/protagonist-2.0.2.tgz",
      "integrity": "sha512-vJx9+ZaFsg6nRmaUYtVrFdu+GrAmm56Q5wSO1+AdqO+7bgpuhL4QjpzYQY/gx2MtBvkLrt67GgV/6Bfor5K/nQ==",
      "dev": true,
      "optional": true,
      "requires": {
        "nan": "^2.13.2"
      }
    }
  }
}
